work:
  active: false
  periods:
    - 10:30 11:10
    - 11:20 12:00
    - 12:40 13:20
    - 13:30 14:00
    - 14:20 15:00
    - 15:10 15:50
    - 16:40 17:20
    - 17:30 18:00
dinner:
  active: true
  periods:
    - 10:00 10:01
    - 12:00 12:01
    - 14:00 14:01
    - 16:00 16:01
    - 18:00 18:01
    - 20:00 20:01
danger: 
  active: true
  periods: 
    - 18:00 22:00
critical: 
  active: true
  periods:
    - 22:00 04:00